# THIS IS AN AUTOGENERATED FILE. DO NOT EDIT THIS FILE DIRECTLY.
# yarn lockfile v1


"@polywrap/templates@0.10.3":
  version "0.10.3"
  resolved "https://registry.yarnpkg.com/@polywrap/templates/-/templates-0.10.3.tgz#27a1a8e8188b6d0e4b91ff2ea37550d6ecfe4c07"
  integrity sha512-JXoTWihFxZ/la1XqAX8ntjEG2IjGqQi1pkCInH0L84OsGMTMKlcTqsyqKE4R1muT5SdF/UOkNpcAMS77rCkdUw==
